// !$*UTF8*$!
{
	archiveVersion = 1;
	classes = {
	};
	objectVersion = 56;
	objects = {

/* Begin PBXBuildFile section */
		18824A805BE619DC199D3D6C /* Pods_collection_view.framework in Frameworks */ = {isa = PBXBuildFile; fileRef = B8BC2138DB3154F441D41569 /* Pods_collection_view.framework */; };
		5E856CC12962B3DD0011FCB4 /* AppDelegate.swift in Sources */ = {isa = PBXBuildFile; fileRef = 5E856CC02962B3DD0011FCB4 /* AppDelegate.swift */; };
		5E856CC32962B3DD0011FCB4 /* SceneDelegate.swift in Sources */ = {isa = PBXBuildFile; fileRef = 5E856CC22962B3DD0011FCB4 /* SceneDelegate.swift */; };
		5E856CC52962B3DD0011FCB4 /* ViewController.swift in Sources */ = {isa = PBXBuildFile; fileRef = 5E856CC42962B3DD0011FCB4 /* ViewController.swift */; };
		5E856CCA2962B3DF0011FCB4 /* Assets.xcassets in Resources */ = {isa = PBXBuildFile; fileRef = 5E856CC92962B3DF0011FCB4 /* Assets.xcassets */; };
		5E856CD52962CACF0011FCB4 /* CustomCollectionViewDisplayable.swift in Sources */ = {isa = PBXBuildFile; fileRef = 5E856CD42962CACF0011FCB4 /* CustomCollectionViewDisplayable.swift */; };
		5EA02808296E9ECC00BD34EB /* CustomCollectionViewDelegate.swift in Sources */ = {isa = PBXBuildFile; fileRef = 5EA02807296E9ECC00BD34EB /* CustomCollectionViewDelegate.swift */; };
/* End PBXBuildFile section */

/* Begin PBXFileReference section */
		4A8466D67B09ADDCDDC1ECFA /* Pods-collection-view.release.xcconfig */ = {isa = PBXFileReference; includeInIndex = 1; lastKnownFileType = text.xcconfig; name = "Pods-collection-view.release.xcconfig"; path = "Target Support Files/Pods-collection-view/Pods-collection-view.release.xcconfig"; sourceTree = "<group>"; };
		5E856CBD2962B3DD0011FCB4 /* collection-view.app */ = {isa = PBXFileReference; explicitFileType = wrapper.application; includeInIndex = 0; path = "collection-view.app"; sourceTree = BUILT_PRODUCTS_DIR; };
		5E856CC02962B3DD0011FCB4 /* AppDelegate.swift */ = {isa = PBXFileReference; lastKnownFileType = sourcecode.swift; path = AppDelegate.swift; sourceTree = "<group>"; };
		5E856CC22962B3DD0011FCB4 /* SceneDelegate.swift */ = {isa = PBXFileReference; lastKnownFileType = sourcecode.swift; path = SceneDelegate.swift; sourceTree = "<group>"; };
		5E856CC42962B3DD0011FCB4 /* ViewController.swift */ = {isa = PBXFileReference; lastKnownFileType = sourcecode.swift; path = ViewController.swift; sourceTree = "<group>"; };
		5E856CC92962B3DF0011FCB4 /* Assets.xcassets */ = {isa = PBXFileReference; lastKnownFileType = folder.assetcatalog; path = Assets.xcassets; sourceTree = "<group>"; };
		5E856CCE2962B3DF0011FCB4 /* Info.plist */ = {isa = PBXFileReference; lastKnownFileType = text.plist.xml; path = Info.plist; sourceTree = "<group>"; };
		5E856CD42962CACF0011FCB4 /* CustomCollectionViewDisplayable.swift */ = {isa = PBXFileReference; lastKnownFileType = sourcecode.swift; path = CustomCollectionViewDisplayable.swift; sourceTree = "<group>"; };
		5EA02807296E9ECC00BD34EB /* CustomCollectionViewDelegate.swift */ = {isa = PBXFileReference; lastKnownFileType = sourcecode.swift; path = CustomCollectionViewDelegate.swift; sourceTree = "<group>"; };
		AB373D4F37269D42B25E5094 /* Pods-collection-view.debug.xcconfig */ = {isa = PBXFileReference; includeInIndex = 1; lastKnownFileType = text.xcconfig; name = "Pods-collection-view.debug.xcconfig"; path = "Target Support Files/Pods-collection-view/Pods-collection-view.debug.xcconfig"; sourceTree = "<group>"; };
		B8BC2138DB3154F441D41569 /* Pods_collection_view.framework */ = {isa = PBXFileReference; explicitFileType = wrapper.framework; includeInIndex = 0; path = Pods_collection_view.framework; sourceTree = BUILT_PRODUCTS_DIR; };
/* End PBXFileReference section */

/* Begin PBXFrameworksBuildPhase section */
		5E856CBA2962B3DD0011FCB4 /* Frameworks */ = {
			isa = PBXFrameworksBuildPhase;
			buildActionMask = 2147483647;
			files = (
				18824A805BE619DC199D3D6C /* Pods_collection_view.framework in Frameworks */,
			);
			runOnlyForDeploymentPostprocessing = 0;
		};
/* End PBXFrameworksBuildPhase section */

/* Begin PBXGroup section */
		51C0822A3B7A34C7A1BD3796 /* Pods */ = {
			isa = PBXGroup;
			children = (
				AB373D4F37269D42B25E5094 /* Pods-collection-view.debug.xcconfig */,
				4A8466D67B09ADDCDDC1ECFA /* Pods-collection-view.release.xcconfig */,
			);
			path = Pods;
			sourceTree = "<group>";
		};
		5E856CB42962B3DD0011FCB4 = {
			isa = PBXGroup;
			children = (
				5E856CBF2962B3DD0011FCB4 /* collection-view */,
				5E856CBE2962B3DD0011FCB4 /* Products */,
				51C0822A3B7A34C7A1BD3796 /* Pods */,
				746347E95B4A26EBE14ECFA8 /* Frameworks */,
			);
			sourceTree = "<group>";
		};
		5E856CBE2962B3DD0011FCB4 /* Products */ = {
			isa = PBXGroup;
			children = (
				5E856CBD2962B3DD0011FCB4 /* collection-view.app */,
			);
			name = Products;
			sourceTree = "<group>";
		};
		5E856CBF2962B3DD0011FCB4 /* collection-view */ = {
			isa = PBXGroup;
			children = (
				5E856CC02962B3DD0011FCB4 /* AppDelegate.swift */,
				5E856CC22962B3DD0011FCB4 /* SceneDelegate.swift */,
				5E856CC42962B3DD0011FCB4 /* ViewController.swift */,
				5E856CC92962B3DF0011FCB4 /* Assets.xcassets */,
				5E856CCE2962B3DF0011FCB4 /* Info.plist */,
				5E856CD62962CBFF0011FCB4 /* customCollectionView */,
			);
			path = "collection-view";
			sourceTree = "<group>";
		};
		5E856CD62962CBFF0011FCB4 /* customCollectionView */ = {
			isa = PBXGroup;
			children = (
				5E856CD42962CACF0011FCB4 /* CustomCollectionViewDisplayable.swift */,
				5EA02807296E9ECC00BD34EB /* CustomCollectionViewDelegate.swift */,
			);
			path = customCollectionView;
			sourceTree = "<group>";
		};
		746347E95B4A26EBE14ECFA8 /* Frameworks */ = {
			isa = PBXGroup;
			children = (
				B8BC2138DB3154F441D41569 /* Pods_collection_view.framework */,
			);
			name = Frameworks;
			sourceTree = "<group>";
		};
/* End PBXGroup section */

/* Begin PBXNativeTarget section */
		5E856CBC2962B3DD0011FCB4 /* collection-view */ = {
			isa = PBXNativeTarget;
			buildConfigurationList = 5E856CD12962B3DF0011FCB4 /* Build configuration list for PBXNativeTarget "collection-view" */;
			buildPhases = (
				190DC4725FF9C22F5FD16FB7 /* [CP] Check Pods Manifest.lock */,
				5E856CB92962B3DD0011FCB4 /* Sources */,
				5E856CBA2962B3DD0011FCB4 /* Frameworks */,
				5E856CBB2962B3DD0011FCB4 /* Resources */,
				D1463751533B3C7F49591EBB /* [CP] Embed Pods Frameworks */,
			);
			buildRules = (
			);
			dependencies = (
			);
			name = "collection-view";
			productName = "collection-view";
			productReference = 5E856CBD2962B3DD0011FCB4 /* collection-view.app */;
			productType = "com.apple.product-type.application";
		};
/* End PBXNativeTarget section */

/* Begin PBXProject section */
		5E856CB52962B3DD0011FCB4 /* Project object */ = {
			isa = PBXProject;
			attributes = {
				BuildIndependentTargetsInParallel = 1;
				LastSwiftUpdateCheck = 1400;
				LastUpgradeCheck = 1400;
				TargetAttributes = {
					5E856CBC2962B3DD0011FCB4 = {
						CreatedOnToolsVersion = 14.0;
					};
				};
			};
			buildConfigurationList = 5E856CB82962B3DD0011FCB4 /* Build configuration list for PBXProject "collection-view" */;
			compatibilityVersion = "Xcode 14.0";
			developmentRegion = en;
			hasScannedForEncodings = 0;
			knownRegions = (
				en,
				Base,
			);
			mainGroup = 5E856CB42962B3DD0011FCB4;
			productRefGroup = 5E856CBE2962B3DD0011FCB4 /* Products */;
			projectDirPath = "";
			projectRoot = "";
			targets = (
				5E856CBC2962B3DD0011FCB4 /* collection-view */,
			);
		};
/* End PBXProject section */

/* Begin PBXResourcesBuildPhase section */
		5E856CBB2962B3DD0011FCB4 /* Resources */ = {
			isa = PBXResourcesBuildPhase;
			buildActionMask = 2147483647;
			files = (
				5E856CCA2962B3DF0011FCB4 /* Assets.xcassets in Resources */,
			);
			runOnlyForDeploymentPostprocessing = 0;
		};
/* End PBXResourcesBuildPhase section */

/* Begin PBXShellScriptBuildPhase section */
		190DC4725FF9C22F5FD16FB7 /* [CP] Check Pods Manifest.lock */ = {
			isa = PBXShellScriptBuildPhase;
			buildActionMask = 2147483647;
			files = (
			);
			inputFileListPaths = (
			);
			inputPaths = (
				"${PODS_PODFILE_DIR_PATH}/Podfile.lock",
				"${PODS_ROOT}/Manifest.lock",
			);
			name = "[CP] Check Pods Manifest.lock";
			outputFileListPaths = (
			);
			outputPaths = (
				"$(DERIVED_FILE_DIR)/Pods-collection-view-checkManifestLockResult.txt",
			);
			runOnlyForDeploymentPostprocessing = 0;
			shellPath = /bin/sh;
			shellScript = "diff \"${PODS_PODFILE_DIR_PATH}/Podfile.lock\" \"${PODS_ROOT}/Manifest.lock\" > /dev/null\nif [ $? != 0 ] ; then\n    # print error to STDERR\n    echo \"error: The sandbox is not in sync with the Podfile.lock. Run 'pod install' or update your CocoaPods installation.\" >&2\n    exit 1\nfi\n# This output is used by Xcode 'outputs' to avoid re-running this script phase.\necho \"SUCCESS\" > \"${SCRIPT_OUTPUT_FILE_0}\"\n";
			showEnvVarsInLog = 0;
		};
		D1463751533B3C7F49591EBB /* [CP] Embed Pods Frameworks */ = {
			isa = PBXShellScriptBuildPhase;
			buildActionMask = 2147483647;
			files = (
			);
			inputFileListPaths = (
				"${PODS_ROOT}/Target Support Files/Pods-collection-view/Pods-collection-view-frameworks-${CONFIGURATION}-input-files.xcfilelist",
			);
			name = "[CP] Embed Pods Frameworks";
			outputFileListPaths = (
				"${PODS_ROOT}/Target Support Files/Pods-collection-view/Pods-collection-view-frameworks-${CONFIGURATION}-output-files.xcfilelist",
			);
			runOnlyForDeploymentPostprocessing = 0;
			shellPath = /bin/sh;
			shellScript = "\"${PODS_ROOT}/Target Support Files/Pods-collection-view/Pods-collection-view-frameworks.sh\"\n";
			showEnvVarsInLog = 0;
		};
/* End PBXShellScriptBuildPhase section */

/* Begin PBXSourcesBuildPhase section */
		5E856CB92962B3DD0011FCB4 /* Sources */ = {
			isa = PBXSourcesBuildPhase;
			buildActionMask = 2147483647;
			files = (
				5E856CC52962B3DD0011FCB4 /* ViewController.swift in Sources */,
				5E856CD52962CACF0011FCB4 /* CustomCollectionViewDisplayable.swift in Sources */,
				5E856CC12962B3DD0011FCB4 /* AppDelegate.swift in Sources */,
				5EA02808296E9ECC00BD34EB /* CustomCollectionViewDelegate.swift in Sources */,
				5E856CC32962B3DD0011FCB4 /* SceneDelegate.swift in Sources */,
			);
			runOnlyForDeploymentPostprocessing = 0;
		};
/* End PBXSourcesBuildPhase section */

/* Begin XCBuildConfiguration section */
		5E856CCF2962B3DF0011FCB4 /* Debug */ = {
			isa = XCBuildConfiguration;
			buildSettings = {
				ALWAYS_SEARCH_USER_PATHS = NO;
				CLANG_ANALYZER_NONNULL = YES;
				CLANG_ANALYZER_NUMBER_OBJECT_CONVERSION = YES_AGGRESSIVE;
				CLANG_CXX_LANGUAGE_STANDARD = "gnu++20";
				CLANG_ENABLE_MODULES = YES;
				CLANG_ENABLE_OBJC_ARC = YES;
				CLANG_ENABLE_OBJC_WEAK = YES;
				CLANG_WARN_BLOCK_CAPTURE_AUTORELEASING = YES;
				CLANG_WARN_BOOL_CONVERSION = YES;
				CLANG_WARN_COMMA = YES;
				CLANG_WARN_CONSTANT_CONVERSION = YES;
				CLANG_WARN_DEPRECATED_OBJC_IMPLEMENTATIONS = YES;
				CLANG_WARN_DIRECT_OBJC_ISA_USAGE = YES_ERROR;
				CLANG_WARN_DOCUMENTATION_COMMENTS = YES;
				CLANG_WARN_EMPTY_BODY = YES;
				CLANG_WARN_ENUM_CONVERSION = YES;
				CLANG_WARN_INFINITE_RECURSION = YES;
				CLANG_WARN_INT_CONVERSION = YES;
				CLANG_WARN_NON_LITERAL_NULL_CONVERSION = YES;
				CLANG_WARN_OBJC_IMPLICIT_RETAIN_SELF = YES;
				CLANG_WARN_OBJC_LITERAL_CONVERSION = YES;
				CLANG_WARN_OBJC_ROOT_CLASS = YES_ERROR;
				CLANG_WARN_QUOTED_INCLUDE_IN_FRAMEWORK_HEADER = YES;
				CLANG_WARN_RANGE_LOOP_ANALYSIS = YES;
				CLANG_WARN_STRICT_PROTOTYPES = YES;
				CLANG_WARN_SUSPICIOUS_MOVE = YES;
				CLANG_WARN_UNGUARDED_AVAILABILITY = YES_AGGRESSIVE;
				CLANG_WARN_UNREACHABLE_CODE = YES;
				CLANG_WARN__DUPLICATE_METHOD_MATCH = YES;
				COPY_PHASE_STRIP = NO;
				DEBUG_INFORMATION_FORMAT = dwarf;
				ENABLE_STRICT_OBJC_MSGSEND = YES;
				ENABLE_TESTABILITY = YES;
				GCC_C_LANGUAGE_STANDARD = gnu11;
				GCC_DYNAMIC_NO_PIC = NO;
				GCC_NO_COMMON_BLOCKS = YES;
				GCC_OPTIMIZATION_LEVEL = 0;
				GCC_PREPROCESSOR_DEFINITIONS = (
					"DEBUG=1",
					"$(inherited)",
				);
				GCC_WARN_64_TO_32_BIT_CONVERSION = YES;
				GCC_WARN_ABOUT_RETURN_TYPE = YES_ERROR;
				GCC_WARN_UNDECLARED_SELECTOR = YES;
				GCC_WARN_UNINITIALIZED_AUTOS = YES_AGGRESSIVE;
				GCC_WARN_UNUSED_FUNCTION = YES;
				GCC_WARN_UNUSED_VARIABLE = YES;
				IPHONEOS_DEPLOYMENT_TARGET = 16.0;
				MTL_ENABLE_DEBUG_INFO = INCLUDE_SOURCE;
				MTL_FAST_MATH = YES;
				ONLY_ACTIVE_ARCH = YES;
				SDKROOT = iphoneos;
				SWIFT_ACTIVE_COMPILATION_CONDITIONS = DEBUG;
				SWIFT_OPTIMIZATION_LEVEL = "-Onone";
			};
			name = Debug;
		};
		5E856CD02962B3DF0011FCB4 /* Release */ = {
			isa = XCBuildConfiguration;
			buildSettings = {
				ALWAYS_SEARCH_USER_PATHS = NO;
				CLANG_ANALYZER_NONNULL = YES;
				CLANG_ANALYZER_NUMBER_OBJECT_CONVERSION = YES_AGGRESSIVE;
				CLANG_CXX_LANGUAGE_STANDARD = "gnu++20";
				CLANG_ENABLE_MODULES = YES;
				CLANG_ENABLE_OBJC_ARC = YES;
				CLANG_ENABLE_OBJC_WEAK = YES;
				CLANG_WARN_BLOCK_CAPTURE_AUTORELEASING = YES;
				CLANG_WARN_BOOL_CONVERSION = YES;
				CLANG_WARN_COMMA = YES;
				CLANG_WARN_CONSTANT_CONVERSION = YES;
				CLANG_WARN_DEPRECATED_OBJC_IMPLEMENTATIONS = YES;
				CLANG_WARN_DIRECT_OBJC_ISA_USAGE = YES_ERROR;
				CLANG_WARN_DOCUMENTATION_COMMENTS = YES;
				CLANG_WARN_EMPTY_BODY = YES;
				CLANG_WARN_ENUM_CONVERSION = YES;
				CLANG_WARN_INFINITE_RECURSION = YES;
				CLANG_WARN_INT_CONVERSION = YES;
				CLANG_WARN_NON_LITERAL_NULL_CONVERSION = YES;
				CLANG_WARN_OBJC_IMPLICIT_RETAIN_SELF = YES;
				CLANG_WARN_OBJC_LITERAL_CONVERSION = YES;
				CLANG_WARN_OBJC_ROOT_CLASS = YES_ERROR;
				CLANG_WARN_QUOTED_INCLUDE_IN_FRAMEWORK_HEADER = YES;
				CLANG_WARN_RANGE_LOOP_ANALYSIS = YES;
				CLANG_WARN_STRICT_PROTOTYPES = YES;
				CLANG_WARN_SUSPICIOUS_MOVE = YES;
				CLANG_WARN_UNGUARDED_AVAILABILITY = YES_AGGRESSIVE;
				CLANG_WARN_UNREACHABLE_CODE = YES;
				CLANG_WARN__DUPLICATE_METHOD_MATCH = YES;
				COPY_PHASE_STRIP = NO;
				DEBUG_INFORMATION_FORMAT = "dwarf-with-dsym";
				ENABLE_NS_ASSERTIONS = NO;
				ENABLE_STRICT_OBJC_MSGSEND = YES;
				GCC_C_LANGUAGE_STANDARD = gnu11;
				GCC_NO_COMMON_BLOCKS = YES;
				GCC_WARN_64_TO_32_BIT_CONVERSION = YES;
				GCC_WARN_ABOUT_RETURN_TYPE = YES_ERROR;
				GCC_WARN_UNDECLARED_SELECTOR = YES;
				GCC_WARN_UNINITIALIZED_AUTOS = YES_AGGRESSIVE;
				GCC_WARN_UNUSED_FUNCTION = YES;
				GCC_WARN_UNUSED_VARIABLE = YES;
				IPHONEOS_DEPLOYMENT_TARGET = 16.0;
				MTL_ENABLE_DEBUG_INFO = NO;
				MTL_FAST_MATH = YES;
				SDKROOT = iphoneos;
				SWIFT_COMPILATION_MODE = wholemodule;
				SWIFT_OPTIMIZATION_LEVEL = "-O";
				VALIDATE_PRODUCT = YES;
			};
			name = Release;
		};
		5E856CD22962B3DF0011FCB4 /* Debug */ = {
			isa = XCBuildConfiguration;
			baseConfigurationReference = AB373D4F37269D42B25E5094 /* Pods-collection-view.debug.xcconfig */;
			buildSettings = {
				ASSETCATALOG_COMPILER_APPICON_NAME = AppIcon;
				ASSETCATALOG_COMPILER_GLOBAL_ACCENT_COLOR_NAME = AccentColor;
				CODE_SIGN_STYLE = Automatic;
				CURRENT_PROJECT_VERSION = 1;
				DEVELOPMENT_TEAM = MXXC76S558;
				GENERATE_INFOPLIST_FILE = YES;
				INFOPLIST_FILE = "collection-view/Info.plist";
				INFOPLIST_KEY_UIApplicationSupportsIndirectInputEvents = YES;
				INFOPLIST_KEY_UILaunchStoryboardName = LaunchScreen;
				INFOPLIST_KEY_UISupportedInterfaceOrientations_iPad = "UIInterfaceOrientationPortrait UIInterfaceOrientationPortraitUpsideDown UIInterfaceOrientationLandscapeLeft UIInterfaceOrientationLandscapeRight";
				INFOPLIST_KEY_UISupportedInterfaceOrientations_iPhone = "UIInterfaceOrientationPortrait UIInterfaceOrientationLandscapeLeft UIInterfaceOrientationLandscapeRight";
				LD_RUNPATH_SEARCH_PATHS = (
					"$(inherited)",
					"@executable_path/Frameworks",
				);
				MARKETING_VERSION = 1.0;
				PRODUCT_BUNDLE_IDENTIFIER = "com.jujube0.collection-view";
				PRODUCT_NAME = "$(TARGET_NAME)";
				SWIFT_EMIT_LOC_STRINGS = YES;
				SWIFT_VERSION = 5.0;
				TARGETED_DEVICE_FAMILY = "1,2";
			};
			name = Debug;
		};
		5E856CD32962B3DF0011FCB4 /* Release */ = {
			isa = XCBuildConfiguration;
			baseConfigurationReference = 4A8466D67B09ADDCDDC1ECFA /* Pods-collection-view.release.xcconfig */;
			buildSettings = {
				ASSETCATALOG_COMPILER_APPICON_NAME = AppIcon;
				ASSETCATALOG_COMPILER_GLOBAL_ACCENT_COLOR_NAME = AccentColor;
				CODE_SIGN_STYLE = Automatic;
				CURRENT_PROJECT_VERSION = 1;
				DEVELOPMENT_TEAM = MXXC76S558;
				GENERATE_INFOPLIST_FILE = YES;
				INFOPLIST_FILE = "collection-view/Info.plist";
				INFOPLIST_KEY_UIApplicationSupportsIndirectInputEvents = YES;
				INFOPLIST_KEY_UILaunchStoryboardName = LaunchScreen;
				INFOPLIST_KEY_UISupportedInterfaceOrientations_iPad = "UIInterfaceOrientationPortrait UIInterfaceOrientationPortraitUpsideDown UIInterfaceOrientationLandscapeLeft UIInterfaceOrientationLandscapeRight";
				INFOPLIST_KEY_UISupportedInterfaceOrientations_iPhone = "UIInterfaceOrientationPortrait UIInterfaceOrientationLandscapeLeft UIInterfaceOrientationLandscapeRight";
				LD_RUNPATH_SEARCH_PATHS = (
					"$(inherited)",
					"@executable_path/Frameworks",
				);
				MARKETING_VERSION = 1.0;
				PRODUCT_BUNDLE_IDENTIFIER = "com.jujube0.collection-view";
				PRODUCT_NAME = "$(TARGET_NAME)";
				SWIFT_EMIT_LOC_STRINGS = YES;
				SWIFT_VERSION = 5.0;
				TARGETED_DEVICE_FAMILY = "1,2";
			};
			name = Release;
		};
/* End XCBuildConfiguration section */

/* Begin XCConfigurationList section */
		5E856CB82962B3DD0011FCB4 /* Build configuration list for PBXProject "collection-view" */ = {
			isa = XCConfigurationList;
			buildConfigurations = (
				5E856CCF2962B3DF0011FCB4 /* Debug */,
				5E856CD02962B3DF0011FCB4 /* Release */,
			);
			defaultConfigurationIsVisible = 0;
			defaultConfigurationName = Release;
		};
		5E856CD12962B3DF0011FCB4 /* Build configuration list for PBXNativeTarget "collection-view" */ = {
			isa = XCConfigurationList;
			buildConfigurations = (
				5E856CD22962B3DF0011FCB4 /* Debug */,
				5E856CD32962B3DF0011FCB4 /* Release */,
			);
			defaultConfigurationIsVisible = 0;
			defaultConfigurationName = Release;
		};
/* End XCConfigurationList section */
	};
	rootObject = 5E856CB52962B3DD0011FCB4 /* Project object */;
}
